
Microsoft Visual Studio Solution File, Format Version 12.00
# Visual Studio 15
VisualStudioVersion = 15.0.27130.2020
MinimumVisualStudioVersion = 10.0.40219.1
Project("{FAE04EC0-301F-11D3-BF4B-00C04F79EFBC}") = "Hospitals", "Hospitals\Hospitals.csproj", "{35B77D46-1AF7-4818-9240-6993FF08D692}"
EndProject
Global
	GlobalSection(SolutionConfigurationPlatforms) = preSolution
		Debug|Any CPU = Debug|Any CPU
		Release|Any CPU = Release|Any CPU
	EndGlobalSection
	GlobalSection(ProjectConfigurationPlatforms) = postSolution
		{35B77D46-1AF7-4818-9240-6993FF08D692}.Debug|Any CPU.ActiveCfg = Debug|Any CPU
		{35B77D46-1AF7-4818-9240-6993FF08D692}.Debug|Any CPU.Build.0 = Debug|Any CPU
		{35B77D46-1AF7-4818-9240-6993FF08D692}.Release|Any CPU.ActiveCfg = Release|Any CPU
		{35B77D46-1AF7-4818-9240-6993FF08D692}.Release|Any CPU.Build.0 = Release|Any CPU
	EndGlobalSection
	GlobalSection(SolutionProperties) = preSolution
		HideSolutionNode = FALSE
	EndGlobalSection
	GlobalSection(ExtensibilityGlobals) = postSolution
		SolutionGuid = {314563EB-EDF7-40FA-8E74-20F9FFE179E1}
	EndGlobalSection
EndGlobal
